Microsoft Visual Studio Solution File, Format Version 12.00
# Visual Studio Version 17
VisualStudioVersion = 17.5.002.0
MinimumVisualStudioVersion = 10.0.40219.1
Project("{9A19103F-16F7-4668-BE54-9A1E7A4F7556}") = "csharp", "csharp.csproj", "{6657F9D2-F8C7-47C6-AF04-BC0B70ECE807}"
EndProject
Project("{FAE04EC0-301F-11D3-BF4B-00C04F79EFBC}") = "csharp.DataAccess", "csharp.DataAccess\csharp.DataAccess.csproj", "{A428529E-511A-424D-8333-6024568EED0A}"
EndProject
Project("{FAE04EC0-301F-11D3-BF4B-00C04F79EFBC}") = "csharp.Models", "csharp.Models\csharp.Models.csproj", "{BFE812A3-ACA3-452E-94BF-D9A152785559}"
EndProject
Project("{FAE04EC0-301F-11D3-BF4B-00C04F79EFBC}") = "csharp.Utility", "csharp.Utility\csharp.Utility.csproj", "{F631F66E-D867-44E4-B726-91966CC30703}"
EndProject
Global
	GlobalSection(SolutionConfigurationPlatforms) = preSolution
		Debug|Any CPU = Debug|Any CPU
		Release|Any CPU = Release|Any CPU
	EndGlobalSection
	GlobalSection(ProjectConfigurationPlatforms) = postSolution
		{6657F9D2-F8C7-47C6-AF04-BC0B70ECE807}.Debug|Any CPU.ActiveCfg = Debug|Any CPU
		{6657F9D2-F8C7-47C6-AF04-BC0B70ECE807}.Debug|Any CPU.Build.0 = Debug|Any CPU
		{6657F9D2-F8C7-47C6-AF04-BC0B70ECE807}.Release|Any CPU.ActiveCfg = Release|Any CPU
		{6657F9D2-F8C7-47C6-AF04-BC0B70ECE807}.Release|Any CPU.Build.0 = Release|Any CPU
		{A428529E-511A-424D-8333-6024568EED0A}.Debug|Any CPU.ActiveCfg = Debug|Any CPU
		{A428529E-511A-424D-8333-6024568EED0A}.Debug|Any CPU.Build.0 = Debug|Any CPU
		{A428529E-511A-424D-8333-6024568EED0A}.Release|Any CPU.ActiveCfg = Release|Any CPU
		{A428529E-511A-424D-8333-6024568EED0A}.Release|Any CPU.Build.0 = Release|Any CPU
		{BFE812A3-ACA3-452E-94BF-D9A152785559}.Debug|Any CPU.ActiveCfg = Debug|Any CPU
		{BFE812A3-ACA3-452E-94BF-D9A152785559}.Debug|Any CPU.Build.0 = Debug|Any CPU
		{BFE812A3-ACA3-452E-94BF-D9A152785559}.Release|Any CPU.ActiveCfg = Release|Any CPU
		{BFE812A3-ACA3-452E-94BF-D9A152785559}.Release|Any CPU.Build.0 = Release|Any CPU
		{F2CB4D82-316F-44CD-BDEB-C2925584F4CB}.Debug|Any CPU.ActiveCfg = Debug|Any CPU
		{F2CB4D82-316F-44CD-BDEB-C2925584F4CB}.Debug|Any CPU.Build.0 = Debug|Any CPU
		{F2CB4D82-316F-44CD-BDEB-C2925584F4CB}.Release|Any CPU.ActiveCfg = Release|Any CPU
		{F2CB4D82-316F-44CD-BDEB-C2925584F4CB}.Release|Any CPU.Build.0 = Release|Any CPU
		{F631F66E-D867-44E4-B726-91966CC30703}.Debug|Any CPU.ActiveCfg = Debug|Any CPU
		{F631F66E-D867-44E4-B726-91966CC30703}.Debug|Any CPU.Build.0 = Debug|Any CPU
		{F631F66E-D867-44E4-B726-91966CC30703}.Release|Any CPU.ActiveCfg = Release|Any CPU
		{F631F66E-D867-44E4-B726-91966CC30703}.Release|Any CPU.Build.0 = Release|Any CPU
	EndGlobalSection
	GlobalSection(SolutionProperties) = preSolution
		HideSolutionNode = FALSE
	EndGlobalSection
	GlobalSection(ExtensibilityGlobals) = postSolution
		SolutionGuid = {60420110-3DF8-486F-BCF0-08ABD33A59C1}
	EndGlobalSection
EndGlobal
